<?xml version="1.0" encoding="UTF-8" standalone="yes" ?>
<CodeBlocks_project_file>
	<FileVersion major="1" minor="6" />
	<Project>
		<Option title="Save_Your_Computer" />
		<Option pch_mode="2" />
		<Option compiler="gcc" />
		<Build>
			<Target title="Debug">
				<Option output="bin/Debug/test" prefix_auto="1" extension_auto="1" />
				<Option object_output="obj/Debug/" />
				<Option type="1" />
				<Option compiler="gcc" />
				<Compiler>
					<Add option="-g" />
				</Compiler>
			</Target>
			<Target title="Release">
				<Option output="bin/Release/test" prefix_auto="1" extension_auto="1" />
				<Option object_output="obj/Release/" />
				<Option type="1" />
				<Option compiler="gcc" />
				<Compiler>
					<Add option="-O2" />
				</Compiler>
				<Linker>
					<Add option="-s" />
				</Linker>
			</Target>
		</Build>
		<Compiler>
			<Add option="-Wall" />
			<Add directory="C:/Program Files (x86)/CodeBlocks/SDL2-2.0.9/i686-w64-mingw32/include" />
			<Add directory="C:/Program Files (x86)/CodeBlocks/SDL2-2.0.9/i686-w64-mingw32/include/SDL2" />
		</Compiler>
		<Linker>
			<Add option="-lmingw32" />
			<Add option="-lSDL2main" />
			<Add option="-lSDL2" />
			<Add option="-lSDL2_image" />
			<Add option="-lSDL2_mixer" />
			<Add option="-lSDL2_ttf" />
			<Add library="mingw32" />
			<Add library="SDL2main" />
			<Add library="SDL2.dll" />
			<Add library="../../../../Program Files (x86)/CodeBlocks/SDL2-2.0.9/i686-w64-mingw32/lib/libSDL2_ttf.a" />
			<Add library="../../../../Program Files (x86)/CodeBlocks/SDL2-2.0.9/i686-w64-mingw32/lib/libSDL2_ttf.dll.a" />
			<Add library="../../../../Program Files (x86)/CodeBlocks/SDL2-2.0.9/i686-w64-mingw32/lib/libSDL2_image.a" />
			<Add library="../../../../Program Files (x86)/CodeBlocks/SDL2-2.0.9/i686-w64-mingw32/lib/libSDL2_image.dll.a" />
			<Add library="../../../../Program Files (x86)/CodeBlocks/SDL2-2.0.9/i686-w64-mingw32/lib/libSDL2_mixer.a" />
			<Add library="../../../../Program Files (x86)/CodeBlocks/SDL2-2.0.9/i686-w64-mingw32/lib/libSDL2_mixer.dll.a" />
			<Add directory="C:/Program Files (x86)/CodeBlocks/SDL2-2.0.9/i686-w64-mingw32/lib" />
		</Linker>
		<Unit filename="chapitre1.c">
			<Option compilerVar="CC" />
		</Unit>
		<Unit filename="chapitre1.h" />
		<Unit filename="chapitre2.c">
			<Option compilerVar="CC" />
		</Unit>
		<Unit filename="chapitre2.h" />
		<Unit filename="chapitre3.c">
			<Option compilerVar="CC" />
		</Unit>
		<Unit filename="chapitre3.h" />
		<Unit filename="chapitre4.c">
			<Option compilerVar="CC" />
		</Unit>
		<Unit filename="chapitre4.h" />
		<Unit filename="end.c">
			<Option compilerVar="CC" />
		</Unit>
		<Unit filename="end.h" />
		<Unit filename="intro.c">
			<Option compilerVar="CC" />
		</Unit>
		<Unit filename="intro.h" />
		<Unit filename="main.c">
			<Option compilerVar="CC" />
		</Unit>
		<Unit filename="moteur.c">
			<Option compilerVar="CC" />
		</Unit>
		<Unit filename="moteur.h" />
		<Extensions>
			<code_completion />
			<envvars />
			<debugger />
			<lib_finder disable_auto="1" />
		</Extensions>
	</Project>
</CodeBlocks_project_file>
